
Microsoft Visual Studio Solution File, Format Version 12.00
# Visual Studio Version 17
VisualStudioVersion = 17.5.33424.131
MinimumVisualStudioVersion = 10.0.40219.1
Project("{FAE04EC0-301F-11D3-BF4B-00C04F79EFBC}") = "DelegatorThread", "DelegatorThread\DelegatorThread.csproj", "{EF5C8A18-3D48-494B-8EB1-5D0A44AADE6B}"
EndProject
Global
	GlobalSection(SolutionConfigurationPlatforms) = preSolution
		Debug|Any CPU = Debug|Any CPU
		Release|Any CPU = Release|Any CPU
	EndGlobalSection
	GlobalSection(ProjectConfigurationPlatforms) = postSolution
		{EF5C8A18-3D48-494B-8EB1-5D0A44AADE6B}.Debug|Any CPU.ActiveCfg = Debug|Any CPU
		{EF5C8A18-3D48-494B-8EB1-5D0A44AADE6B}.Debug|Any CPU.Build.0 = Debug|Any CPU
		{EF5C8A18-3D48-494B-8EB1-5D0A44AADE6B}.Release|Any CPU.ActiveCfg = Release|Any CPU
		{EF5C8A18-3D48-494B-8EB1-5D0A44AADE6B}.Release|Any CPU.Build.0 = Release|Any CPU
	EndGlobalSection
	GlobalSection(SolutionProperties) = preSolution
		HideSolutionNode = FALSE
	EndGlobalSection
	GlobalSection(ExtensibilityGlobals) = postSolution
		SolutionGuid = {E80A6759-ECCF-4FC3-B698-748C661DAD4F}
	EndGlobalSection
EndGlobal
